
Microsoft Visual Studio Solution File, Format Version 12.00
# Visual Studio Version 17
VisualStudioVersion = 17.13.35931.197
MinimumVisualStudioVersion = 10.0.40219.1
Project("{FAE04EC0-301F-11D3-BF4B-00C04F79EFBC}") = "AuthService", "AuthService\AuthService.csproj", "{EF6D32BB-6EBB-44E9-89ED-666D0B46D89D}"
EndProject
Project("{2150E333-8FDC-42A3-9474-1A3956D46DE8}") = "Solution Items", "Solution Items", "{8EC462FD-D22E-90A8-E5CE-7E832BA40C5D}"
	ProjectSection(SolutionItems) = preProject
		docker-compose.yml = docker-compose.yml
	EndProjectSection
EndProject
Global
	GlobalSection(SolutionConfigurationPlatforms) = preSolution
		Debug|Any CPU = Debug|Any CPU
		Release|Any CPU = Release|Any CPU
	EndGlobalSection
	GlobalSection(ProjectConfigurationPlatforms) = postSolution
		{EF6D32BB-6EBB-44E9-89ED-666D0B46D89D}.Debug|Any CPU.ActiveCfg = Debug|Any CPU
		{EF6D32BB-6EBB-44E9-89ED-666D0B46D89D}.Debug|Any CPU.Build.0 = Debug|Any CPU
		{EF6D32BB-6EBB-44E9-89ED-666D0B46D89D}.Release|Any CPU.ActiveCfg = Release|Any CPU
		{EF6D32BB-6EBB-44E9-89ED-666D0B46D89D}.Release|Any CPU.Build.0 = Release|Any CPU
	EndGlobalSection
	GlobalSection(SolutionProperties) = preSolution
		HideSolutionNode = FALSE
	EndGlobalSection
	GlobalSection(ExtensibilityGlobals) = postSolution
		SolutionGuid = {69AA8A18-827D-422A-9471-2C74EBB6C746}
	EndGlobalSection
EndGlobal
